// !$*UTF8*$!
{
	archiveVersion = 1;
	classes = {
	};
	objectVersion = 77;
	objects = {

/* Begin PBXBuildFile section */
		58289C732F08404300E96871 /* FirebaseAnalytics in Frameworks */ = {isa = PBXBuildFile; productRef = 58289C722F08404300E96871 /* FirebaseAnalytics */; };
		58289C752F08404300E96871 /* FirebaseAuth in Frameworks */ = {isa = PBXBuildFile; productRef = 58289C742F08404300E96871 /* FirebaseAuth */; };
		58289C962F0F4EFF00E96871 /* README.md in Sources */ = {isa = PBXBuildFile; fileRef = 58289C952F0F4EE800E96871 /* README.md */; };
/* End PBXBuildFile section */

/* Begin PBXContainerItemProxy section */
		58E382A12F01AB81008F6531 /* PBXContainerItemProxy */ = {
			isa = PBXContainerItemProxy;
			containerPortal = 58E3828B2F01AB80008F6531 /* Project object */;
			proxyType = 1;
			remoteGlobalIDString = 58E382922F01AB80008F6531;
			remoteInfo = "projeto-final";
		};
		58E382AB2F01AB81008F6531 /* PBXContainerItemProxy */ = {
			isa = PBXContainerItemProxy;
			containerPortal = 58E3828B2F01AB80008F6531 /* Project object */;
			proxyType = 1;
			remoteGlobalIDString = 58E382922F01AB80008F6531;
			remoteInfo = "projeto-final";
		};
/* End PBXContainerItemProxy section */

/* Begin PBXFileReference section */
		58289C952F0F4EE800E96871 /* README.md */ = {isa = PBXFileReference; lastKnownFileType = sourcecode.swift; path = README.md; sourceTree = "<group>"; };
		58E382932F01AB80008F6531 /* projeto-final.app */ = {isa = PBXFileReference; explicitFileType = wrapper.application; includeInIndex = 0; path = "projeto-final.app"; sourceTree = BUILT_PRODUCTS_DIR; };
		58E382A02F01AB81008F6531 /* projeto-finalTests.xctest */ = {isa = PBXFileReference; explicitFileType = wrapper.cfbundle; includeInIndex = 0; path = "projeto-finalTests.xctest"; sourceTree = BUILT_PRODUCTS_DIR; };
		58E382AA2F01AB81008F6531 /* projeto-finalUITests.xctest */ = {isa = PBXFileReference; explicitFileType = wrapper.cfbundle; includeInIndex = 0; path = "projeto-finalUITests.xctest"; sourceTree = BUILT_PRODUCTS_DIR; };
/* End PBXFileReference section */

/* Begin PBXFileSystemSynchronizedRootGroup section */
		58E382952F01AB80008F6531 /* projeto-final */ = {
			isa = PBXFileSystemSynchronizedRootGroup;
			path = "projeto-final";
			sourceTree = "<group>";
		};
		58E382A32F01AB81008F6531 /* projeto-finalTests */ = {
			isa = PBXFileSystemSynchronizedRootGroup;
			path = "projeto-finalTests";
			sourceTree = "<group>";
		};
		58E382AD2F01AB81008F6531 /* projeto-finalUITests */ = {
			isa = PBXFileSystemSynchronizedRootGroup;
			path = "projeto-finalUITests";
			sourceTree = "<group>";
		};
/* End PBXFileSystemSynchronizedRootGroup section */

/* Begin PBXFrameworksBuildPhase section */
		58E382902F01AB80008F6531 /* Frameworks */ = {
			isa = PBXFrameworksBuildPhase;
			buildActionMask = 2147483647;
			files = (
				58289C732F08404300E96871 /* FirebaseAnalytics in Frameworks */,
				58289C752F08404300E96871 /* FirebaseAuth in Frameworks */,
			);
			runOnlyForDeploymentPostprocessing = 0;
		};
		58E3829D2F01AB81008F6531 /* Frameworks */ = {
			isa = PBXFrameworksBuildPhase;
			buildActionMask = 2147483647;
			files = (
			);
			runOnlyForDeploymentPostprocessing = 0;
		};
		58E382A72F01AB81008F6531 /* Frameworks */ = {
			isa = PBXFrameworksBuildPhase;
			buildActionMask = 2147483647;
			files = (
			);
			runOnlyForDeploymentPostprocessing = 0;
		};
/* End PBXFrameworksBuildPhase section */

/* Begin PBXGroup section */
		58E3828A2F01AB80008F6531 = {
			isa = PBXGroup;
			children = (
				58289C952F0F4EE800E96871 /* README.md */,
				58E382952F01AB80008F6531 /* projeto-final */,
				58E382A32F01AB81008F6531 /* projeto-finalTests */,
				58E382AD2F01AB81008F6531 /* projeto-finalUITests */,
				58E382942F01AB80008F6531 /* Products */,
			);
			sourceTree = "<group>";
		};
		58E382942F01AB80008F6531 /* Products */ = {
			isa = PBXGroup;
			children = (
				58E382932F01AB80008F6531 /* projeto-final.app */,
				58E382A02F01AB81008F6531 /* projeto-finalTests.xctest */,
				58E382AA2F01AB81008F6531 /* projeto-finalUITests.xctest */,
			);
			name = Products;
			sourceTree = "<group>";
		};
/* End PBXGroup section */

/* Begin PBXNativeTarget section */
		58E382922F01AB80008F6531 /* projeto-final */ = {
			isa = PBXNativeTarget;
			buildConfigurationList = 58E382B42F01AB81008F6531 /* Build configuration list for PBXNativeTarget "projeto-final" */;
			buildPhases = (
				58E3828F2F01AB80008F6531 /* Sources */,
				58E382902F01AB80008F6531 /* Frameworks */,
				58E382912F01AB80008F6531 /* Resources */,
			);
			buildRules = (
			);
			dependencies = (
			);
			fileSystemSynchronizedGroups = (
				58E382952F01AB80008F6531 /* projeto-final */,
			);
			name = "projeto-final";
			packageProductDependencies = (
				58289C722F08404300E96871 /* FirebaseAnalytics */,
				58289C742F08404300E96871 /* FirebaseAuth */,
			);
			productName = "projeto-final";
			productReference = 58E382932F01AB80008F6531 /* projeto-final.app */;
			productType = "com.apple.product-type.application";
		};
		58E3829F2F01AB81008F6531 /* projeto-finalTests */ = {
			isa = PBXNativeTarget;
			buildConfigurationList = 58E382B72F01AB81008F6531 /* Build configuration list for PBXNativeTarget "projeto-finalTests" */;
			buildPhases = (
				58E3829C2F01AB81008F6531 /* Sources */,
				58E3829D2F01AB81008F6531 /* Frameworks */,
				58E3829E2F01AB81008F6531 /* Resources */,
			);
			buildRules = (
			);
			dependencies = (
				58E382A22F01AB81008F6531 /* PBXTargetDependency */,
			);
			fileSystemSynchronizedGroups = (
				58E382A32F01AB81008F6531 /* projeto-finalTests */,
			);
			name = "projeto-finalTests";
			packageProductDependencies = (
			);
			productName = "projeto-finalTests";
			productReference = 58E382A02F01AB81008F6531 /* projeto-finalTests.xctest */;
			productType = "com.apple.product-type.bundle.unit-test";
		};
		58E382A92F01AB81008F6531 /* projeto-finalUITests */ = {
			isa = PBXNativeTarget;
			buildConfigurationList = 58E382BA2F01AB81008F6531 /* Build configuration list for PBXNativeTarget "projeto-finalUITests" */;
			buildPhases = (
				58E382A62F01AB81008F6531 /* Sources */,
				58E382A72F01AB81008F6531 /* Frameworks */,
				58E382A82F01AB81008F6531 /* Resources */,
			);
			buildRules = (
			);
			dependencies = (
				58E382AC2F01AB81008F6531 /* PBXTargetDependency */,
			);
			fileSystemSynchronizedGroups = (
				58E382AD2F01AB81008F6531 /* projeto-finalUITests */,
			);
			name = "projeto-finalUITests";
			packageProductDependencies = (
			);
			productName = "projeto-finalUITests";
			productReference = 58E382AA2F01AB81008F6531 /* projeto-finalUITests.xctest */;
			productType = "com.apple.product-type.bundle.ui-testing";
		};
/* End PBXNativeTarget section */

/* Begin PBXProject section */
		58E3828B2F01AB80008F6531 /* Project object */ = {
			isa = PBXProject;
			attributes = {
				BuildIndependentTargetsInParallel = 1;
				LastSwiftUpdateCheck = 2610;
				LastUpgradeCheck = 2610;
				TargetAttributes = {
					58E382922F01AB80008F6531 = {
						CreatedOnToolsVersion = 26.1.1;
					};
					58E3829F2F01AB81008F6531 = {
						CreatedOnToolsVersion = 26.1.1;
						TestTargetID = 58E382922F01AB80008F6531;
					};
					58E382A92F01AB81008F6531 = {
						CreatedOnToolsVersion = 26.1.1;
						TestTargetID = 58E382922F01AB80008F6531;
					};
				};
			};
			buildConfigurationList = 58E3828E2F01AB80008F6531 /* Build configuration list for PBXProject "projeto-final" */;
			developmentRegion = en;
			hasScannedForEncodings = 0;
			knownRegions = (
				en,
				Base,
			);
			mainGroup = 58E3828A2F01AB80008F6531;
			minimizedProjectReferenceProxies = 1;
			packageReferences = (
				58289C712F08404300E96871 /* XCRemoteSwiftPackageReference "firebase-ios-sdk" */,
			);
			preferredProjectObjectVersion = 77;
			productRefGroup = 58E382942F01AB80008F6531 /* Products */;
			projectDirPath = "";
			projectRoot = "";
			targets = (
				58E382922F01AB80008F6531 /* projeto-final */,
				58E3829F2F01AB81008F6531 /* projeto-finalTests */,
				58E382A92F01AB81008F6531 /* projeto-finalUITests */,
			);
		};
/* End PBXProject section */

/* Begin PBXResourcesBuildPhase section */
		58E382912F01AB80008F6531 /* Resources */ = {
			isa = PBXResourcesBuildPhase;
			buildActionMask = 2147483647;
			files = (
			);
			runOnlyForDeploymentPostprocessing = 0;
		};
		58E3829E2F01AB81008F6531 /* Resources */ = {
			isa = PBXResourcesBuildPhase;
			buildActionMask = 2147483647;
			files = (
			);
			runOnlyForDeploymentPostprocessing = 0;
		};
		58E382A82F01AB81008F6531 /* Resources */ = {
			isa = PBXResourcesBuildPhase;
			buildActionMask = 2147483647;
			files = (
			);
			runOnlyForDeploymentPostprocessing = 0;
		};
/* End PBXResourcesBuildPhase section */

/* Begin PBXSourcesBuildPhase section */
		58E3828F2F01AB80008F6531 /* Sources */ = {
			isa = PBXSourcesBuildPhase;
			buildActionMask = 2147483647;
			files = (
				58289C962F0F4EFF00E96871 /* README.md in Sources */,
			);
			runOnlyForDeploymentPostprocessing = 0;
		};
		58E3829C2F01AB81008F6531 /* Sources */ = {
			isa = PBXSourcesBuildPhase;
			buildActionMask = 2147483647;
			files = (
			);
			runOnlyForDeploymentPostprocessing = 0;
		};
		58E382A62F01AB81008F6531 /* Sources */ = {
			isa = PBXSourcesBuildPhase;
			buildActionMask = 2147483647;
			files = (
			);
			runOnlyForDeploymentPostprocessing = 0;
		};
/* End PBXSourcesBuildPhase section */

/* Begin PBXTargetDependency section */
		58E382A22F01AB81008F6531 /* PBXTargetDependency */ = {
			isa = PBXTargetDependency;
			target = 58E382922F01AB80008F6531 /* projeto-final */;
			targetProxy = 58E382A12F01AB81008F6531 /* PBXContainerItemProxy */;
		};
		58E382AC2F01AB81008F6531 /* PBXTargetDependency */ = {
			isa = PBXTargetDependency;
			target = 58E382922F01AB80008F6531 /* projeto-final */;
			targetProxy = 58E382AB2F01AB81008F6531 /* PBXContainerItemProxy */;
		};
/* End PBXTargetDependency section */

/* Begin XCBuildConfiguration section */
		58E382B22F01AB81008F6531 /* Debug */ = {
			isa = XCBuildConfiguration;
			buildSettings = {
				ALWAYS_SEARCH_USER_PATHS = NO;
				ASSETCATALOG_COMPILER_GENERATE_SWIFT_ASSET_SYMBOL_EXTENSIONS = YES;
				CLANG_ANALYZER_NONNULL = YES;
				CLANG_ANALYZER_NUMBER_OBJECT_CONVERSION = YES_AGGRESSIVE;
				CLANG_CXX_LANGUAGE_STANDARD = "gnu++20";
				CLANG_ENABLE_MODULES = YES;
				CLANG_ENABLE_OBJC_ARC = YES;
				CLANG_ENABLE_OBJC_WEAK = YES;
				CLANG_WARN_BLOCK_CAPTURE_AUTORELEASING = YES;
				CLANG_WARN_BOOL_CONVERSION = YES;
				CLANG_WARN_COMMA = YES;
				CLANG_WARN_CONSTANT_CONVERSION = YES;
				CLANG_WARN_DEPRECATED_OBJC_IMPLEMENTATIONS = YES;
				CLANG_WARN_DIRECT_OBJC_ISA_USAGE = YES_ERROR;
				CLANG_WARN_DOCUMENTATION_COMMENTS = YES;
				CLANG_WARN_EMPTY_BODY = YES;
				CLANG_WARN_ENUM_CONVERSION = YES;
				CLANG_WARN_INFINITE_RECURSION = YES;
				CLANG_WARN_INT_CONVERSION = YES;
				CLANG_WARN_NON_LITERAL_NULL_CONVERSION = YES;
				CLANG_WARN_OBJC_IMPLICIT_RETAIN_SELF = YES;
				CLANG_WARN_OBJC_LITERAL_CONVERSION = YES;
				CLANG_WARN_OBJC_ROOT_CLASS = YES_ERROR;
				CLANG_WARN_QUOTED_INCLUDE_IN_FRAMEWORK_HEADER = YES;
				CLANG_WARN_RANGE_LOOP_ANALYSIS = YES;
				CLANG_WARN_STRICT_PROTOTYPES = YES;
				CLANG_WARN_SUSPICIOUS_MOVE = YES;
				CLANG_WARN_UNGUARDED_AVAILABILITY = YES_AGGRESSIVE;
				CLANG_WARN_UNREACHABLE_CODE = YES;
				CLANG_WARN__DUPLICATE_METHOD_MATCH = YES;
				COPY_PHASE_STRIP = NO;
				DEBUG_INFORMATION_FORMAT = dwarf;
				ENABLE_STRICT_OBJC_MSGSEND = YES;
				ENABLE_TESTABILITY = YES;
				ENABLE_USER_SCRIPT_SANDBOXING = YES;
				GCC_C_LANGUAGE_STANDARD = gnu17;
				GCC_DYNAMIC_NO_PIC = NO;
				GCC_NO_COMMON_BLOCKS = YES;
				GCC_OPTIMIZATION_LEVEL = 0;
				GCC_PREPROCESSOR_DEFINITIONS = (
					"DEBUG=1",
					"$(inherited)",
				);
				GCC_WARN_64_TO_32_BIT_CONVERSION = YES;
				GCC_WARN_ABOUT_RETURN_TYPE = YES_ERROR;
				GCC_WARN_UNDECLARED_SELECTOR = YES;
				GCC_WARN_UNINITIALIZED_AUTOS = YES_AGGRESSIVE;
				GCC_WARN_UNUSED_FUNCTION = YES;
				GCC_WARN_UNUSED_VARIABLE = YES;
				IPHONEOS_DEPLOYMENT_TARGET = 26.1;
				LOCALIZATION_PREFERS_STRING_CATALOGS = YES;
				MTL_ENABLE_DEBUG_INFO = INCLUDE_SOURCE;
				MTL_FAST_MATH = YES;
				ONLY_ACTIVE_ARCH = YES;
				SDKROOT = iphoneos;
				SWIFT_ACTIVE_COMPILATION_CONDITIONS = "DEBUG $(inherited)";
				SWIFT_OPTIMIZATION_LEVEL = "-Onone";
			};
			name = Debug;
		};
		58E382B32F01AB81008F6531 /* Release */ = {
			isa = XCBuildConfiguration;
			buildSettings = {
				ALWAYS_SEARCH_USER_PATHS = NO;
				ASSETCATALOG_COMPILER_GENERATE_SWIFT_ASSET_SYMBOL_EXTENSIONS = YES;
				CLANG_ANALYZER_NONNULL = YES;
				CLANG_ANALYZER_NUMBER_OBJECT_CONVERSION = YES_AGGRESSIVE;
				CLANG_CXX_LANGUAGE_STANDARD = "gnu++20";
				CLANG_ENABLE_MODULES = YES;
				CLANG_ENABLE_OBJC_ARC = YES;
				CLANG_ENABLE_OBJC_WEAK = YES;
				CLANG_WARN_BLOCK_CAPTURE_AUTORELEASING = YES;
				CLANG_WARN_BOOL_CONVERSION = YES;
				CLANG_WARN_COMMA = YES;
				CLANG_WARN_CONSTANT_CONVERSION = YES;
				CLANG_WARN_DEPRECATED_OBJC_IMPLEMENTATIONS = YES;
				CLANG_WARN_DIRECT_OBJC_ISA_USAGE = YES_ERROR;
				CLANG_WARN_DOCUMENTATION_COMMENTS = YES;
				CLANG_WARN_EMPTY_BODY = YES;
				CLANG_WARN_ENUM_CONVERSION = YES;
				CLANG_WARN_INFINITE_RECURSION = YES;
				CLANG_WARN_INT_CONVERSION = YES;
				CLANG_WARN_NON_LITERAL_NULL_CONVERSION = YES;
				CLANG_WARN_OBJC_IMPLICIT_RETAIN_SELF = YES;
				CLANG_WARN_OBJC_LITERAL_CONVERSION = YES;
				CLANG_WARN_OBJC_ROOT_CLASS = YES_ERROR;
				CLANG_WARN_QUOTED_INCLUDE_IN_FRAMEWORK_HEADER = YES;
				CLANG_WARN_RANGE_LOOP_ANALYSIS = YES;
				CLANG_WARN_STRICT_PROTOTYPES = YES;
				CLANG_WARN_SUSPICIOUS_MOVE = YES;
				CLANG_WARN_UNGUARDED_AVAILABILITY = YES_AGGRESSIVE;
				CLANG_WARN_UNREACHABLE_CODE = YES;
				CLANG_WARN__DUPLICATE_METHOD_MATCH = YES;
				COPY_PHASE_STRIP = NO;
				DEBUG_INFORMATION_FORMAT = "dwarf-with-dsym";
				ENABLE_NS_ASSERTIONS = NO;
				ENABLE_STRICT_OBJC_MSGSEND = YES;
				ENABLE_USER_SCRIPT_SANDBOXING = YES;
				GCC_C_LANGUAGE_STANDARD = gnu17;
				GCC_NO_COMMON_BLOCKS = YES;
				GCC_WARN_64_TO_32_BIT_CONVERSION = YES;
				GCC_WARN_ABOUT_RETURN_TYPE = YES_ERROR;
				GCC_WARN_UNDECLARED_SELECTOR = YES;
				GCC_WARN_UNINITIALIZED_AUTOS = YES_AGGRESSIVE;
				GCC_WARN_UNUSED_FUNCTION = YES;
				GCC_WARN_UNUSED_VARIABLE = YES;
				IPHONEOS_DEPLOYMENT_TARGET = 26.1;
				LOCALIZATION_PREFERS_STRING_CATALOGS = YES;
				MTL_ENABLE_DEBUG_INFO = NO;
				MTL_FAST_MATH = YES;
				SDKROOT = iphoneos;
				SWIFT_COMPILATION_MODE = wholemodule;
				VALIDATE_PRODUCT = YES;
			};
			name = Release;
		};
		58E382B52F01AB81008F6531 /* Debug */ = {
			isa = XCBuildConfiguration;
			buildSettings = {
				ASSETCATALOG_COMPILER_APPICON_NAME = AppIcon;
				ASSETCATALOG_COMPILER_GLOBAL_ACCENT_COLOR_NAME = AccentColor;
				CODE_SIGN_STYLE = Automatic;
				CURRENT_PROJECT_VERSION = 1;
				ENABLE_PREVIEWS = YES;
				GENERATE_INFOPLIST_FILE = YES;
				INFOPLIST_KEY_UIApplicationSceneManifest_Generation = YES;
				INFOPLIST_KEY_UIApplicationSupportsIndirectInputEvents = YES;
				INFOPLIST_KEY_UILaunchScreen_Generation = YES;
				INFOPLIST_KEY_UISupportedInterfaceOrientations_iPad = "UIInterfaceOrientationPortrait UIInterfaceOrientationPortraitUpsideDown UIInterfaceOrientationLandscapeLeft UIInterfaceOrientationLandscapeRight";
				INFOPLIST_KEY_UISupportedInterfaceOrientations_iPhone = "UIInterfaceOrientationPortrait UIInterfaceOrientationLandscapeLeft UIInterfaceOrientationLandscapeRight";
				LD_RUNPATH_SEARCH_PATHS = (
					"$(inherited)",
					"@executable_path/Frameworks",
				);
				MARKETING_VERSION = 1.0;
				PRODUCT_BUNDLE_IDENTIFIER = "com.bonfs.projeto-final";
				PRODUCT_NAME = "$(TARGET_NAME)";
				STRING_CATALOG_GENERATE_SYMBOLS = YES;
				SWIFT_APPROACHABLE_CONCURRENCY = YES;
				SWIFT_DEFAULT_ACTOR_ISOLATION = MainActor;
				SWIFT_EMIT_LOC_STRINGS = YES;
				SWIFT_UPCOMING_FEATURE_MEMBER_IMPORT_VISIBILITY = YES;
				SWIFT_VERSION = 5.0;
				TARGETED_DEVICE_FAMILY = "1,2";
			};
			name = Debug;
		};
		58E382B62F01AB81008F6531 /* Release */ = {
			isa = XCBuildConfiguration;
			buildSettings = {
				ASSETCATALOG_COMPILER_APPICON_NAME = AppIcon;
				ASSETCATALOG_COMPILER_GLOBAL_ACCENT_COLOR_NAME = AccentColor;
				CODE_SIGN_STYLE = Automatic;
				CURRENT_PROJECT_VERSION = 1;
				ENABLE_PREVIEWS = YES;
				GENERATE_INFOPLIST_FILE = YES;
				INFOPLIST_KEY_UIApplicationSceneManifest_Generation = YES;
				INFOPLIST_KEY_UIApplicationSupportsIndirectInputEvents = YES;
				INFOPLIST_KEY_UILaunchScreen_Generation = YES;
				INFOPLIST_KEY_UISupportedInterfaceOrientations_iPad = "UIInterfaceOrientationPortrait UIInterfaceOrientationPortraitUpsideDown UIInterfaceOrientationLandscapeLeft UIInterfaceOrientationLandscapeRight";
				INFOPLIST_KEY_UISupportedInterfaceOrientations_iPhone = "UIInterfaceOrientationPortrait UIInterfaceOrientationLandscapeLeft UIInterfaceOrientationLandscapeRight";
				LD_RUNPATH_SEARCH_PATHS = (
					"$(inherited)",
					"@executable_path/Frameworks",
				);
				MARKETING_VERSION = 1.0;
				PRODUCT_BUNDLE_IDENTIFIER = "com.bonfs.projeto-final";
				PRODUCT_NAME = "$(TARGET_NAME)";
				STRING_CATALOG_GENERATE_SYMBOLS = YES;
				SWIFT_APPROACHABLE_CONCURRENCY = YES;
				SWIFT_DEFAULT_ACTOR_ISOLATION = MainActor;
				SWIFT_EMIT_LOC_STRINGS = YES;
				SWIFT_UPCOMING_FEATURE_MEMBER_IMPORT_VISIBILITY = YES;
				SWIFT_VERSION = 5.0;
				TARGETED_DEVICE_FAMILY = "1,2";
			};
			name = Release;
		};
		58E382B82F01AB81008F6531 /* Debug */ = {
			isa = XCBuildConfiguration;
			buildSettings = {
				BUNDLE_LOADER = "$(TEST_HOST)";
				CODE_SIGN_STYLE = Automatic;
				CURRENT_PROJECT_VERSION = 1;
				GENERATE_INFOPLIST_FILE = YES;
				IPHONEOS_DEPLOYMENT_TARGET = 26.1;
				MARKETING_VERSION = 1.0;
				PRODUCT_BUNDLE_IDENTIFIER = "com.bonfs.projeto-finalTests";
				PRODUCT_NAME = "$(TARGET_NAME)";
				STRING_CATALOG_GENERATE_SYMBOLS = NO;
				SWIFT_APPROACHABLE_CONCURRENCY = YES;
				SWIFT_EMIT_LOC_STRINGS = NO;
				SWIFT_UPCOMING_FEATURE_MEMBER_IMPORT_VISIBILITY = YES;
				SWIFT_VERSION = 5.0;
				TARGETED_DEVICE_FAMILY = "1,2";
				TEST_HOST = "$(BUILT_PRODUCTS_DIR)/projeto-final.app/$(BUNDLE_EXECUTABLE_FOLDER_PATH)/projeto-final";
			};
			name = Debug;
		};
		58E382B92F01AB81008F6531 /* Release */ = {
			isa = XCBuildConfiguration;
			buildSettings = {
				BUNDLE_LOADER = "$(TEST_HOST)";
				CODE_SIGN_STYLE = Automatic;
				CURRENT_PROJECT_VERSION = 1;
				GENERATE_INFOPLIST_FILE = YES;
				IPHONEOS_DEPLOYMENT_TARGET = 26.1;
				MARKETING_VERSION = 1.0;
				PRODUCT_BUNDLE_IDENTIFIER = "com.bonfs.projeto-finalTests";
				PRODUCT_NAME = "$(TARGET_NAME)";
				STRING_CATALOG_GENERATE_SYMBOLS = NO;
				SWIFT_APPROACHABLE_CONCURRENCY = YES;
				SWIFT_EMIT_LOC_STRINGS = NO;
				SWIFT_UPCOMING_FEATURE_MEMBER_IMPORT_VISIBILITY = YES;
				SWIFT_VERSION = 5.0;
				TARGETED_DEVICE_FAMILY = "1,2";
				TEST_HOST = "$(BUILT_PRODUCTS_DIR)/projeto-final.app/$(BUNDLE_EXECUTABLE_FOLDER_PATH)/projeto-final";
			};
			name = Release;
		};
		58E382BB2F01AB81008F6531 /* Debug */ = {
			isa = XCBuildConfiguration;
			buildSettings = {
				CODE_SIGN_STYLE = Automatic;
				CURRENT_PROJECT_VERSION = 1;
				GENERATE_INFOPLIST_FILE = YES;
				MARKETING_VERSION = 1.0;
				PRODUCT_BUNDLE_IDENTIFIER = "com.bonfs.projeto-finalUITests";
				PRODUCT_NAME = "$(TARGET_NAME)";
				STRING_CATALOG_GENERATE_SYMBOLS = NO;
				SWIFT_APPROACHABLE_CONCURRENCY = YES;
				SWIFT_EMIT_LOC_STRINGS = NO;
				SWIFT_UPCOMING_FEATURE_MEMBER_IMPORT_VISIBILITY = YES;
				SWIFT_VERSION = 5.0;
				TARGETED_DEVICE_FAMILY = "1,2";
				TEST_TARGET_NAME = "projeto-final";
			};
			name = Debug;
		};
		58E382BC2F01AB81008F6531 /* Release */ = {
			isa = XCBuildConfiguration;
			buildSettings = {
				CODE_SIGN_STYLE = Automatic;
				CURRENT_PROJECT_VERSION = 1;
				GENERATE_INFOPLIST_FILE = YES;
				MARKETING_VERSION = 1.0;
				PRODUCT_BUNDLE_IDENTIFIER = "com.bonfs.projeto-finalUITests";
				PRODUCT_NAME = "$(TARGET_NAME)";
				STRING_CATALOG_GENERATE_SYMBOLS = NO;
				SWIFT_APPROACHABLE_CONCURRENCY = YES;
				SWIFT_EMIT_LOC_STRINGS = NO;
				SWIFT_UPCOMING_FEATURE_MEMBER_IMPORT_VISIBILITY = YES;
				SWIFT_VERSION = 5.0;
				TARGETED_DEVICE_FAMILY = "1,2";
				TEST_TARGET_NAME = "projeto-final";
			};
			name = Release;
		};
/* End XCBuildConfiguration section */

/* Begin XCConfigurationList section */
		58E3828E2F01AB80008F6531 /* Build configuration list for PBXProject "projeto-final" */ = {
			isa = XCConfigurationList;
			buildConfigurations = (
				58E382B22F01AB81008F6531 /* Debug */,
				58E382B32F01AB81008F6531 /* Release */,
			);
			defaultConfigurationIsVisible = 0;
			defaultConfigurationName = Release;
		};
		58E382B42F01AB81008F6531 /* Build configuration list for PBXNativeTarget "projeto-final" */ = {
			isa = XCConfigurationList;
			buildConfigurations = (
				58E382B52F01AB81008F6531 /* Debug */,
				58E382B62F01AB81008F6531 /* Release */,
			);
			defaultConfigurationIsVisible = 0;
			defaultConfigurationName = Release;
		};
		58E382B72F01AB81008F6531 /* Build configuration list for PBXNativeTarget "projeto-finalTests" */ = {
			isa = XCConfigurationList;
			buildConfigurations = (
				58E382B82F01AB81008F6531 /* Debug */,
				58E382B92F01AB81008F6531 /* Release */,
			);
			defaultConfigurationIsVisible = 0;
			defaultConfigurationName = Release;
		};
		58E382BA2F01AB81008F6531 /* Build configuration list for PBXNativeTarget "projeto-finalUITests" */ = {
			isa = XCConfigurationList;
			buildConfigurations = (
				58E382BB2F01AB81008F6531 /* Debug */,
				58E382BC2F01AB81008F6531 /* Release */,
			);
			defaultConfigurationIsVisible = 0;
			defaultConfigurationName = Release;
		};
/* End XCConfigurationList section */

/* Begin XCRemoteSwiftPackageReference section */
		58289C712F08404300E96871 /* XCRemoteSwiftPackageReference "firebase-ios-sdk" */ = {
			isa = XCRemoteSwiftPackageReference;
			repositoryURL = "https://github.com/firebase/firebase-ios-sdk";
			requirement = {
				kind = upToNextMajorVersion;
				minimumVersion = 12.7.0;
			};
		};
/* End XCRemoteSwiftPackageReference section */

/* Begin XCSwiftPackageProductDependency section */
		58289C722F08404300E96871 /* FirebaseAnalytics */ = {
			isa = XCSwiftPackageProductDependency;
			package = 58289C712F08404300E96871 /* XCRemoteSwiftPackageReference "firebase-ios-sdk" */;
			productName = FirebaseAnalytics;
		};
		58289C742F08404300E96871 /* FirebaseAuth */ = {
			isa = XCSwiftPackageProductDependency;
			package = 58289C712F08404300E96871 /* XCRemoteSwiftPackageReference "firebase-ios-sdk" */;
			productName = FirebaseAuth;
		};
/* End XCSwiftPackageProductDependency section */
	};
	rootObject = 58E3828B2F01AB80008F6531 /* Project object */;
}
